// !$*UTF8*$!
{
	archiveVersion = 1;
	classes = {
	};
	objectVersion = 46;
	objects = {

/* Begin PBXBuildFile section */
		4303B1541D128A270015FF7B /* MessageCell.m in Sources */ = {isa = PBXBuildFile; fileRef = 4303B1531D128A270015FF7B /* MessageCell.m */; };
		435E34741D0E818F006EDD8C /* UIView+HandyAutoLayout.m in Sources */ = {isa = PBXBuildFile; fileRef = 435E34711D0E818F006EDD8C /* UIView+HandyAutoLayout.m */; };
		435E34751D0E818F006EDD8C /* UIView+LayoutMethods.m in Sources */ = {isa = PBXBuildFile; fileRef = 435E34731D0E818F006EDD8C /* UIView+LayoutMethods.m */; };
		435E34791D0E939B006EDD8C /* 2.png in Resources */ = {isa = PBXBuildFile; fileRef = 435E34781D0E939B006EDD8C /* 2.png */; };
		435E347B1D0EA7CE006EDD8C /* MessageItem.m in Sources */ = {isa = PBXBuildFile; fileRef = 436CF0781D0D37A700CE98EA /* MessageItem.m */; };
		436CF05F1D0D362400CE98EA /* main.m in Sources */ = {isa = PBXBuildFile; fileRef = 436CF05E1D0D362400CE98EA /* main.m */; };
		436CF0621D0D362400CE98EA /* AppDelegate.m in Sources */ = {isa = PBXBuildFile; fileRef = 436CF0611D0D362400CE98EA /* AppDelegate.m */; };
		436CF0651D0D362400CE98EA /* FirstViewController.m in Sources */ = {isa = PBXBuildFile; fileRef = 436CF0641D0D362400CE98EA /* FirstViewController.m */; };
		436CF06B1D0D362400CE98EA /* Main.storyboard in Resources */ = {isa = PBXBuildFile; fileRef = 436CF0691D0D362400CE98EA /* Main.storyboard */; };
		436CF06D1D0D362400CE98EA /* Assets.xcassets in Resources */ = {isa = PBXBuildFile; fileRef = 436CF06C1D0D362400CE98EA /* Assets.xcassets */; };
		436CF0701D0D362400CE98EA /* LaunchScreen.storyboard in Resources */ = {isa = PBXBuildFile; fileRef = 436CF06E1D0D362400CE98EA /* LaunchScreen.storyboard */; };
		436CF07C1D0D39A600CE98EA /* MessageModel.m in Sources */ = {isa = PBXBuildFile; fileRef = 436CF07B1D0D39A600CE98EA /* MessageModel.m */; };
		436CF07F1D0D3C4600CE98EA /* Message.m in Sources */ = {isa = PBXBuildFile; fileRef = 436CF07E1D0D3C4600CE98EA /* Message.m */; };
/* End PBXBuildFile section */

/* Begin PBXFileReference section */
		4303B1521D128A270015FF7B /* MessageCell.h */ = {isa = PBXFileReference; fileEncoding = 4; lastKnownFileType = sourcecode.c.h; path = MessageCell.h; sourceTree = "<group>"; };
		4303B1531D128A270015FF7B /* MessageCell.m */ = {isa = PBXFileReference; fileEncoding = 4; lastKnownFileType = sourcecode.c.objc; path = MessageCell.m; sourceTree = "<group>"; };
		435E34701D0E818F006EDD8C /* UIView+HandyAutoLayout.h */ = {isa = PBXFileReference; fileEncoding = 4; lastKnownFileType = sourcecode.c.h; name = "UIView+HandyAutoLayout.h"; path = "../../../Downloads/HandyAutoLayout-master/UIView+HandyAutoLayout.h"; sourceTree = "<group>"; };
		435E34711D0E818F006EDD8C /* UIView+HandyAutoLayout.m */ = {isa = PBXFileReference; fileEncoding = 4; lastKnownFileType = sourcecode.c.objc; name = "UIView+HandyAutoLayout.m"; path = "../../../Downloads/HandyAutoLayout-master/UIView+HandyAutoLayout.m"; sourceTree = "<group>"; };
		435E34721D0E818F006EDD8C /* UIView+LayoutMethods.h */ = {isa = PBXFileReference; fileEncoding = 4; lastKnownFileType = sourcecode.c.h; name = "UIView+LayoutMethods.h"; path = "../../../Downloads/HandyAutoLayout-master/UIView+LayoutMethods.h"; sourceTree = "<group>"; };
		435E34731D0E818F006EDD8C /* UIView+LayoutMethods.m */ = {isa = PBXFileReference; fileEncoding = 4; lastKnownFileType = sourcecode.c.objc; name = "UIView+LayoutMethods.m"; path = "../../../Downloads/HandyAutoLayout-master/UIView+LayoutMethods.m"; sourceTree = "<group>"; };
		435E34781D0E939B006EDD8C /* 2.png */ = {isa = PBXFileReference; lastKnownFileType = image.png; path = 2.png; sourceTree = "<group>"; };
		436CF05A1D0D362400CE98EA /* Demo_MessageCell.app */ = {isa = PBXFileReference; explicitFileType = wrapper.application; includeInIndex = 0; path = Demo_MessageCell.app; sourceTree = BUILT_PRODUCTS_DIR; };
		436CF05E1D0D362400CE98EA /* main.m */ = {isa = PBXFileReference; lastKnownFileType = sourcecode.c.objc; path = main.m; sourceTree = "<group>"; };
		436CF0601D0D362400CE98EA /* AppDelegate.h */ = {isa = PBXFileReference; lastKnownFileType = sourcecode.c.h; path = AppDelegate.h; sourceTree = "<group>"; };
		436CF0611D0D362400CE98EA /* AppDelegate.m */ = {isa = PBXFileReference; lastKnownFileType = sourcecode.c.objc; path = AppDelegate.m; sourceTree = "<group>"; };
		436CF0631D0D362400CE98EA /* FirstViewController.h */ = {isa = PBXFileReference; lastKnownFileType = sourcecode.c.h; path = FirstViewController.h; sourceTree = "<group>"; };
		436CF0641D0D362400CE98EA /* FirstViewController.m */ = {isa = PBXFileReference; lastKnownFileType = sourcecode.c.objc; path = FirstViewController.m; sourceTree = "<group>"; };
		436CF06A1D0D362400CE98EA /* Base */ = {isa = PBXFileReference; lastKnownFileType = file.storyboard; name = Base; path = Base.lproj/Main.storyboard; sourceTree = "<group>"; };
		436CF06C1D0D362400CE98EA /* Assets.xcassets */ = {isa = PBXFileReference; lastKnownFileType = folder.assetcatalog; path = Assets.xcassets; sourceTree = "<group>"; };
		436CF06F1D0D362400CE98EA /* Base */ = {isa = PBXFileReference; lastKnownFileType = file.storyboard; name = Base; path = Base.lproj/LaunchScreen.storyboard; sourceTree = "<group>"; };
		436CF0711D0D362400CE98EA /* Info.plist */ = {isa = PBXFileReference; lastKnownFileType = text.plist.xml; path = Info.plist; sourceTree = "<group>"; };
		436CF0771D0D37A700CE98EA /* MessageItem.h */ = {isa = PBXFileReference; fileEncoding = 4; lastKnownFileType = sourcecode.c.h; path = MessageItem.h; sourceTree = "<group>"; };
		436CF0781D0D37A700CE98EA /* MessageItem.m */ = {isa = PBXFileReference; fileEncoding = 4; lastKnownFileType = sourcecode.c.objc; path = MessageItem.m; sourceTree = "<group>"; };
		436CF07A1D0D39A600CE98EA /* MessageModel.h */ = {isa = PBXFileReference; fileEncoding = 4; lastKnownFileType = sourcecode.c.h; path = MessageModel.h; sourceTree = "<group>"; };
		436CF07B1D0D39A600CE98EA /* MessageModel.m */ = {isa = PBXFileReference; fileEncoding = 4; lastKnownFileType = sourcecode.c.objc; path = MessageModel.m; sourceTree = "<group>"; };
		436CF07D1D0D3C4600CE98EA /* Message.h */ = {isa = PBXFileReference; fileEncoding = 4; lastKnownFileType = sourcecode.c.h; path = Message.h; sourceTree = "<group>"; };
		436CF07E1D0D3C4600CE98EA /* Message.m */ = {isa = PBXFileReference; fileEncoding = 4; lastKnownFileType = sourcecode.c.objc; path = Message.m; sourceTree = "<group>"; };
/* End PBXFileReference section */

/* Begin PBXFrameworksBuildPhase section */
		436CF0571D0D362400CE98EA /* Frameworks */ = {
			isa = PBXFrameworksBuildPhase;
			buildActionMask = 2147483647;
			files = (
			);
			runOnlyForDeploymentPostprocessing = 0;
		};
/* End PBXFrameworksBuildPhase section */

/* Begin PBXGroup section */
		436CF0511D0D362400CE98EA = {
			isa = PBXGroup;
			children = (
				436CF05C1D0D362400CE98EA /* Demo_MessageCell */,
				436CF05B1D0D362400CE98EA /* Products */,
			);
			sourceTree = "<group>";
		};
		436CF05B1D0D362400CE98EA /* Products */ = {
			isa = PBXGroup;
			children = (
				436CF05A1D0D362400CE98EA /* Demo_MessageCell.app */,
			);
			name = Products;
			sourceTree = "<group>";
		};
		436CF05C1D0D362400CE98EA /* Demo_MessageCell */ = {
			isa = PBXGroup;
			children = (
				436CF0601D0D362400CE98EA /* AppDelegate.h */,
				436CF0611D0D362400CE98EA /* AppDelegate.m */,
				436CF0631D0D362400CE98EA /* FirstViewController.h */,
				436CF0641D0D362400CE98EA /* FirstViewController.m */,
				4303B1521D128A270015FF7B /* MessageCell.h */,
				4303B1531D128A270015FF7B /* MessageCell.m */,
				436CF0771D0D37A700CE98EA /* MessageItem.h */,
				436CF0781D0D37A700CE98EA /* MessageItem.m */,
				436CF07A1D0D39A600CE98EA /* MessageModel.h */,
				436CF07B1D0D39A600CE98EA /* MessageModel.m */,
				436CF07D1D0D3C4600CE98EA /* Message.h */,
				436CF07E1D0D3C4600CE98EA /* Message.m */,
				436CF0691D0D362400CE98EA /* Main.storyboard */,
				435E34701D0E818F006EDD8C /* UIView+HandyAutoLayout.h */,
				435E34711D0E818F006EDD8C /* UIView+HandyAutoLayout.m */,
				435E34721D0E818F006EDD8C /* UIView+LayoutMethods.h */,
				435E34781D0E939B006EDD8C /* 2.png */,
				435E34731D0E818F006EDD8C /* UIView+LayoutMethods.m */,
				436CF06C1D0D362400CE98EA /* Assets.xcassets */,
				436CF06E1D0D362400CE98EA /* LaunchScreen.storyboard */,
				436CF0711D0D362400CE98EA /* Info.plist */,
				436CF05D1D0D362400CE98EA /* Supporting Files */,
			);
			path = Demo_MessageCell;
			sourceTree = "<group>";
		};
		436CF05D1D0D362400CE98EA /* Supporting Files */ = {
			isa = PBXGroup;
			children = (
				436CF05E1D0D362400CE98EA /* main.m */,
			);
			name = "Supporting Files";
			sourceTree = "<group>";
		};
/* End PBXGroup section */

/* Begin PBXNativeTarget section */
		436CF0591D0D362400CE98EA /* Demo_MessageCell */ = {
			isa = PBXNativeTarget;
			buildConfigurationList = 436CF0741D0D362400CE98EA /* Build configuration list for PBXNativeTarget "Demo_MessageCell" */;
			buildPhases = (
				436CF0561D0D362400CE98EA /* Sources */,
				436CF0571D0D362400CE98EA /* Frameworks */,
				436CF0581D0D362400CE98EA /* Resources */,
			);
			buildRules = (
			);
			dependencies = (
			);
			name = Demo_MessageCell;
			productName = Demo_MessageCell;
			productReference = 436CF05A1D0D362400CE98EA /* Demo_MessageCell.app */;
			productType = "com.apple.product-type.application";
		};
/* End PBXNativeTarget section */

/* Begin PBXProject section */
		436CF0521D0D362400CE98EA /* Project object */ = {
			isa = PBXProject;
			attributes = {
				LastUpgradeCheck = 0730;
				ORGANIZATIONNAME = liudukun;
				TargetAttributes = {
					436CF0591D0D362400CE98EA = {
						CreatedOnToolsVersion = 7.3.1;
					};
				};
			};
			buildConfigurationList = 436CF0551D0D362400CE98EA /* Build configuration list for PBXProject "Demo_MessageCell" */;
			compatibilityVersion = "Xcode 3.2";
			developmentRegion = English;
			hasScannedForEncodings = 0;
			knownRegions = (
				en,
				Base,
			);
			mainGroup = 436CF0511D0D362400CE98EA;
			productRefGroup = 436CF05B1D0D362400CE98EA /* Products */;
			projectDirPath = "";
			projectRoot = "";
			targets = (
				436CF0591D0D362400CE98EA /* Demo_MessageCell */,
			);
		};
/* End PBXProject section */

/* Begin PBXResourcesBuildPhase section */
		436CF0581D0D362400CE98EA /* Resources */ = {
			isa = PBXResourcesBuildPhase;
			buildActionMask = 2147483647;
			files = (
				436CF0701D0D362400CE98EA /* LaunchScreen.storyboard in Resources */,
				435E34791D0E939B006EDD8C /* 2.png in Resources */,
				436CF06D1D0D362400CE98EA /* Assets.xcassets in Resources */,
				436CF06B1D0D362400CE98EA /* Main.storyboard in Resources */,
			);
			runOnlyForDeploymentPostprocessing = 0;
		};
/* End PBXResourcesBuildPhase section */

/* Begin PBXSourcesBuildPhase section */
		436CF0561D0D362400CE98EA /* Sources */ = {
			isa = PBXSourcesBuildPhase;
			buildActionMask = 2147483647;
			files = (
				436CF07F1D0D3C4600CE98EA /* Message.m in Sources */,
				436CF0621D0D362400CE98EA /* AppDelegate.m in Sources */,
				436CF07C1D0D39A600CE98EA /* MessageModel.m in Sources */,
				436CF0651D0D362400CE98EA /* FirstViewController.m in Sources */,
				435E347B1D0EA7CE006EDD8C /* MessageItem.m in Sources */,
				435E34741D0E818F006EDD8C /* UIView+HandyAutoLayout.m in Sources */,
				4303B1541D128A270015FF7B /* MessageCell.m in Sources */,
				436CF05F1D0D362400CE98EA /* main.m in Sources */,
				435E34751D0E818F006EDD8C /* UIView+LayoutMethods.m in Sources */,
			);
			runOnlyForDeploymentPostprocessing = 0;
		};
/* End PBXSourcesBuildPhase section */

/* Begin PBXVariantGroup section */
		436CF0691D0D362400CE98EA /* Main.storyboard */ = {
			isa = PBXVariantGroup;
			children = (
				436CF06A1D0D362400CE98EA /* Base */,
			);
			name = Main.storyboard;
			sourceTree = "<group>";
		};
		436CF06E1D0D362400CE98EA /* LaunchScreen.storyboard */ = {
			isa = PBXVariantGroup;
			children = (
				436CF06F1D0D362400CE98EA /* Base */,
			);
			name = LaunchScreen.storyboard;
			sourceTree = "<group>";
		};
/* End PBXVariantGroup section */

/* Begin XCBuildConfiguration section */
		436CF0721D0D362400CE98EA /* Debug */ = {
			isa = XCBuildConfiguration;
			buildSettings = {
				ALWAYS_SEARCH_USER_PATHS = NO;
				CLANG_ANALYZER_NONNULL = YES;
				CLANG_CXX_LANGUAGE_STANDARD = "gnu++0x";
				CLANG_CXX_LIBRARY = "libc++";
				CLANG_ENABLE_MODULES = YES;
				CLANG_ENABLE_OBJC_ARC = YES;
				CLANG_WARN_BOOL_CONVERSION = YES;
				CLANG_WARN_CONSTANT_CONVERSION = YES;
				CLANG_WARN_DIRECT_OBJC_ISA_USAGE = YES_ERROR;
				CLANG_WARN_EMPTY_BODY = YES;
				CLANG_WARN_ENUM_CONVERSION = YES;
				CLANG_WARN_INT_CONVERSION = YES;
				CLANG_WARN_OBJC_ROOT_CLASS = YES_ERROR;
				CLANG_WARN_UNREACHABLE_CODE = YES;
				CLANG_WARN__DUPLICATE_METHOD_MATCH = YES;
				"CODE_SIGN_IDENTITY[sdk=iphoneos*]" = "iPhone Developer";
				COPY_PHASE_STRIP = NO;
				DEBUG_INFORMATION_FORMAT = dwarf;
				ENABLE_STRICT_OBJC_MSGSEND = YES;
				ENABLE_TESTABILITY = YES;
				GCC_C_LANGUAGE_STANDARD = gnu99;
				GCC_DYNAMIC_NO_PIC = NO;
				GCC_NO_COMMON_BLOCKS = YES;
				GCC_OPTIMIZATION_LEVEL = 0;
				GCC_PREPROCESSOR_DEFINITIONS = (
					"DEBUG=1",
					"$(inherited)",
				);
				GCC_WARN_64_TO_32_BIT_CONVERSION = YES;
				GCC_WARN_ABOUT_RETURN_TYPE = YES_ERROR;
				GCC_WARN_UNDECLARED_SELECTOR = YES;
				GCC_WARN_UNINITIALIZED_AUTOS = YES_AGGRESSIVE;
				GCC_WARN_UNUSED_FUNCTION = YES;
				GCC_WARN_UNUSED_VARIABLE = YES;
				IPHONEOS_DEPLOYMENT_TARGET = 9.3;
				MTL_ENABLE_DEBUG_INFO = YES;
				ONLY_ACTIVE_ARCH = YES;
				SDKROOT = iphoneos;
				TARGETED_DEVICE_FAMILY = "1,2";
			};
			name = Debug;
		};
		436CF0731D0D362400CE98EA /* Release */ = {
			isa = XCBuildConfiguration;
			buildSettings = {
				ALWAYS_SEARCH_USER_PATHS = NO;
				CLANG_ANALYZER_NONNULL = YES;
				CLANG_CXX_LANGUAGE_STANDARD = "gnu++0x";
				CLANG_CXX_LIBRARY = "libc++";
				CLANG_ENABLE_MODULES = YES;
				CLANG_ENABLE_OBJC_ARC = YES;
				CLANG_WARN_BOOL_CONVERSION = YES;
				CLANG_WARN_CONSTANT_CONVERSION = YES;
				CLANG_WARN_DIRECT_OBJC_ISA_USAGE = YES_ERROR;
				CLANG_WARN_EMPTY_BODY = YES;
				CLANG_WARN_ENUM_CONVERSION = YES;
				CLANG_WARN_INT_CONVERSION = YES;
				CLANG_WARN_OBJC_ROOT_CLASS = YES_ERROR;
				CLANG_WARN_UNREACHABLE_CODE = YES;
				CLANG_WARN__DUPLICATE_METHOD_MATCH = YES;
				"CODE_SIGN_IDENTITY[sdk=iphoneos*]" = "iPhone Developer";
				COPY_PHASE_STRIP = NO;
				DEBUG_INFORMATION_FORMAT = "dwarf-with-dsym";
				ENABLE_NS_ASSERTIONS = NO;
				ENABLE_STRICT_OBJC_MSGSEND = YES;
				GCC_C_LANGUAGE_STANDARD = gnu99;
				GCC_NO_COMMON_BLOCKS = YES;
				GCC_WARN_64_TO_32_BIT_CONVERSION = YES;
				GCC_WARN_ABOUT_RETURN_TYPE = YES_ERROR;
				GCC_WARN_UNDECLARED_SELECTOR = YES;
				GCC_WARN_UNINITIALIZED_AUTOS = YES_AGGRESSIVE;
				GCC_WARN_UNUSED_FUNCTION = YES;
				GCC_WARN_UNUSED_VARIABLE = YES;
				IPHONEOS_DEPLOYMENT_TARGET = 9.3;
				MTL_ENABLE_DEBUG_INFO = NO;
				SDKROOT = iphoneos;
				TARGETED_DEVICE_FAMILY = "1,2";
				VALIDATE_PRODUCT = YES;
			};
			name = Release;
		};
		436CF0751D0D362400CE98EA /* Debug */ = {
			isa = XCBuildConfiguration;
			buildSettings = {
				ASSETCATALOG_COMPILER_APPICON_NAME = AppIcon;
				INFOPLIST_FILE = Demo_MessageCell/Info.plist;
				LD_RUNPATH_SEARCH_PATHS = "$(inherited) @executable_path/Frameworks";
				PRODUCT_BUNDLE_IDENTIFIER = "com.zjht.Demo-MessageCell";
				PRODUCT_NAME = "$(TARGET_NAME)";
			};
			name = Debug;
		};
		436CF0761D0D362400CE98EA /* Release */ = {
			isa = XCBuildConfiguration;
			buildSettings = {
				ASSETCATALOG_COMPILER_APPICON_NAME = AppIcon;
				INFOPLIST_FILE = Demo_MessageCell/Info.plist;
				LD_RUNPATH_SEARCH_PATHS = "$(inherited) @executable_path/Frameworks";
				PRODUCT_BUNDLE_IDENTIFIER = "com.zjht.Demo-MessageCell";
				PRODUCT_NAME = "$(TARGET_NAME)";
			};
			name = Release;
		};
/* End XCBuildConfiguration section */

/* Begin XCConfigurationList section */
		436CF0551D0D362400CE98EA /* Build configuration list for PBXProject "Demo_MessageCell" */ = {
			isa = XCConfigurationList;
			buildConfigurations = (
				436CF0721D0D362400CE98EA /* Debug */,
				436CF0731D0D362400CE98EA /* Release */,
			);
			defaultConfigurationIsVisible = 0;
			defaultConfigurationName = Release;
		};
		436CF0741D0D362400CE98EA /* Build configuration list for PBXNativeTarget "Demo_MessageCell" */ = {
			isa = XCConfigurationList;
			buildConfigurations = (
				436CF0751D0D362400CE98EA /* Debug */,
				436CF0761D0D362400CE98EA /* Release */,
			);
			defaultConfigurationIsVisible = 0;
			defaultConfigurationName = Release;
		};
/* End XCConfigurationList section */
	};
	rootObject = 436CF0521D0D362400CE98EA /* Project object */;
}
